// !$*UTF8*$!
{
	archiveVersion = 1;
	classes = {
	};
	objectVersion = 56;
	objects = {

/* Begin PBXBuildFile section */
		22186F232C5B632D00C7FB80 /* LandmarksApp.swift in Sources */ = {isa = PBXBuildFile; fileRef = 22186F222C5B632D00C7FB80 /* LandmarksApp.swift */; };
		22186F252C5B632D00C7FB80 /* ContentView.swift in Sources */ = {isa = PBXBuildFile; fileRef = 22186F242C5B632D00C7FB80 /* ContentView.swift */; };
		22186F272C5B632E00C7FB80 /* Assets.xcassets in Resources */ = {isa = PBXBuildFile; fileRef = 22186F262C5B632E00C7FB80 /* Assets.xcassets */; };
		22186F2A2C5B632E00C7FB80 /* Preview Assets.xcassets in Resources */ = {isa = PBXBuildFile; fileRef = 22186F292C5B632E00C7FB80 /* Preview Assets.xcassets */; };
		22186F312C5B64EF00C7FB80 /* CircleImage.swift in Sources */ = {isa = PBXBuildFile; fileRef = 22186F302C5B64EF00C7FB80 /* CircleImage.swift */; };
		22186F332C5B653600C7FB80 /* MapView.swift in Sources */ = {isa = PBXBuildFile; fileRef = 22186F322C5B653600C7FB80 /* MapView.swift */; };
		22186F352C5C5FB500C7FB80 /* landmarkData.json in Resources */ = {isa = PBXBuildFile; fileRef = 22186F342C5C5FB500C7FB80 /* landmarkData.json */; };
		22186F372C5C5FC200C7FB80 /* Landmark.swift in Sources */ = {isa = PBXBuildFile; fileRef = 22186F362C5C5FC200C7FB80 /* Landmark.swift */; };
		22186F392C5C600900C7FB80 /* ModelData.swift in Sources */ = {isa = PBXBuildFile; fileRef = 22186F382C5C600900C7FB80 /* ModelData.swift */; };
		22186F3E2C5C609600C7FB80 /* LandmarkRow.swift in Sources */ = {isa = PBXBuildFile; fileRef = 22186F3D2C5C609600C7FB80 /* LandmarkRow.swift */; };
		22186F402C5C621300C7FB80 /* LandmarkList.swift in Sources */ = {isa = PBXBuildFile; fileRef = 22186F3F2C5C621300C7FB80 /* LandmarkList.swift */; };
		22186F422C5C625600C7FB80 /* LandmarkDetail.swift in Sources */ = {isa = PBXBuildFile; fileRef = 22186F412C5C625600C7FB80 /* LandmarkDetail.swift */; };
		22186F462C5C6D8100C7FB80 /* FavoriteButton.swift in Sources */ = {isa = PBXBuildFile; fileRef = 22186F452C5C6D8100C7FB80 /* FavoriteButton.swift */; };
		22722C162C5C81AC006975E6 /* HexagonParameters.swift in Sources */ = {isa = PBXBuildFile; fileRef = 22722C152C5C81AC006975E6 /* HexagonParameters.swift */; };
/* End PBXBuildFile section */

/* Begin PBXFileReference section */
		22186F1F2C5B632D00C7FB80 /* Landmarks.app */ = {isa = PBXFileReference; explicitFileType = wrapper.application; includeInIndex = 0; path = Landmarks.app; sourceTree = BUILT_PRODUCTS_DIR; };
		22186F222C5B632D00C7FB80 /* LandmarksApp.swift */ = {isa = PBXFileReference; lastKnownFileType = sourcecode.swift; path = LandmarksApp.swift; sourceTree = "<group>"; };
		22186F242C5B632D00C7FB80 /* ContentView.swift */ = {isa = PBXFileReference; lastKnownFileType = sourcecode.swift; path = ContentView.swift; sourceTree = "<group>"; };
		22186F262C5B632E00C7FB80 /* Assets.xcassets */ = {isa = PBXFileReference; lastKnownFileType = folder.assetcatalog; path = Assets.xcassets; sourceTree = "<group>"; };
		22186F292C5B632E00C7FB80 /* Preview Assets.xcassets */ = {isa = PBXFileReference; lastKnownFileType = folder.assetcatalog; path = "Preview Assets.xcassets"; sourceTree = "<group>"; };
		22186F302C5B64EF00C7FB80 /* CircleImage.swift */ = {isa = PBXFileReference; lastKnownFileType = sourcecode.swift; path = CircleImage.swift; sourceTree = "<group>"; };
		22186F322C5B653600C7FB80 /* MapView.swift */ = {isa = PBXFileReference; lastKnownFileType = sourcecode.swift; path = MapView.swift; sourceTree = "<group>"; };
		22186F342C5C5FB500C7FB80 /* landmarkData.json */ = {isa = PBXFileReference; fileEncoding = 4; lastKnownFileType = text.json; path = landmarkData.json; sourceTree = "<group>"; };
		22186F362C5C5FC200C7FB80 /* Landmark.swift */ = {isa = PBXFileReference; lastKnownFileType = sourcecode.swift; path = Landmark.swift; sourceTree = "<group>"; };
		22186F382C5C600900C7FB80 /* ModelData.swift */ = {isa = PBXFileReference; lastKnownFileType = sourcecode.swift; path = ModelData.swift; sourceTree = "<group>"; };
		22186F3D2C5C609600C7FB80 /* LandmarkRow.swift */ = {isa = PBXFileReference; lastKnownFileType = sourcecode.swift; path = LandmarkRow.swift; sourceTree = "<group>"; };
		22186F3F2C5C621300C7FB80 /* LandmarkList.swift */ = {isa = PBXFileReference; lastKnownFileType = sourcecode.swift; path = LandmarkList.swift; sourceTree = "<group>"; };
		22186F412C5C625600C7FB80 /* LandmarkDetail.swift */ = {isa = PBXFileReference; lastKnownFileType = sourcecode.swift; path = LandmarkDetail.swift; sourceTree = "<group>"; };
		22186F452C5C6D8100C7FB80 /* FavoriteButton.swift */ = {isa = PBXFileReference; lastKnownFileType = sourcecode.swift; path = FavoriteButton.swift; sourceTree = "<group>"; };
		22722C152C5C81AC006975E6 /* HexagonParameters.swift */ = {isa = PBXFileReference; lastKnownFileType = sourcecode.swift; path = HexagonParameters.swift; sourceTree = "<group>"; };
/* End PBXFileReference section */

/* Begin PBXFrameworksBuildPhase section */
		22186F1C2C5B632D00C7FB80 /* Frameworks */ = {
			isa = PBXFrameworksBuildPhase;
			buildActionMask = 2147483647;
			files = (
			);
			runOnlyForDeploymentPostprocessing = 0;
		};
/* End PBXFrameworksBuildPhase section */

/* Begin PBXGroup section */
		22186F162C5B632D00C7FB80 = {
			isa = PBXGroup;
			children = (
				22186F212C5B632D00C7FB80 /* Landmarks */,
				22186F202C5B632D00C7FB80 /* Products */,
			);
			sourceTree = "<group>";
		};
		22186F202C5B632D00C7FB80 /* Products */ = {
			isa = PBXGroup;
			children = (
				22186F1F2C5B632D00C7FB80 /* Landmarks.app */,
			);
			name = Products;
			sourceTree = "<group>";
		};
		22186F212C5B632D00C7FB80 /* Landmarks */ = {
			isa = PBXGroup;
			children = (
				22186F222C5B632D00C7FB80 /* LandmarksApp.swift */,
				22186F3A2C5C602C00C7FB80 /* Views */,
				22186F3B2C5C604000C7FB80 /* Model */,
				22186F3C2C5C605600C7FB80 /* Resources */,
				22186F262C5B632E00C7FB80 /* Assets.xcassets */,
				22186F282C5B632E00C7FB80 /* Preview Content */,
			);
			path = Landmarks;
			sourceTree = "<group>";
		};
		22186F282C5B632E00C7FB80 /* Preview Content */ = {
			isa = PBXGroup;
			children = (
				22186F292C5B632E00C7FB80 /* Preview Assets.xcassets */,
			);
			path = "Preview Content";
			sourceTree = "<group>";
		};
		22186F3A2C5C602C00C7FB80 /* Views */ = {
			isa = PBXGroup;
			children = (
				22186F242C5B632D00C7FB80 /* ContentView.swift */,
				22186F432C5C6D4700C7FB80 /* Landmarks */,
				22186F442C5C6D7200C7FB80 /* Helpers */,
				22722C152C5C81AC006975E6 /* HexagonParameters.swift */,
			);
			path = Views;
			sourceTree = "<group>";
		};
		22186F3B2C5C604000C7FB80 /* Model */ = {
			isa = PBXGroup;
			children = (
				22186F362C5C5FC200C7FB80 /* Landmark.swift */,
				22186F382C5C600900C7FB80 /* ModelData.swift */,
			);
			path = Model;
			sourceTree = "<group>";
		};
		22186F3C2C5C605600C7FB80 /* Resources */ = {
			isa = PBXGroup;
			children = (
				22186F342C5C5FB500C7FB80 /* landmarkData.json */,
			);
			path = Resources;
			sourceTree = "<group>";
		};
		22186F432C5C6D4700C7FB80 /* Landmarks */ = {
			isa = PBXGroup;
			children = (
				22186F3D2C5C609600C7FB80 /* LandmarkRow.swift */,
				22186F3F2C5C621300C7FB80 /* LandmarkList.swift */,
				22186F412C5C625600C7FB80 /* LandmarkDetail.swift */,
			);
			path = Landmarks;
			sourceTree = "<group>";
		};
		22186F442C5C6D7200C7FB80 /* Helpers */ = {
			isa = PBXGroup;
			children = (
				22186F302C5B64EF00C7FB80 /* CircleImage.swift */,
				22186F322C5B653600C7FB80 /* MapView.swift */,
				22186F452C5C6D8100C7FB80 /* FavoriteButton.swift */,
			);
			path = Helpers;
			sourceTree = "<group>";
		};
/* End PBXGroup section */

/* Begin PBXNativeTarget section */
		22186F1E2C5B632D00C7FB80 /* Landmarks */ = {
			isa = PBXNativeTarget;
			buildConfigurationList = 22186F2D2C5B632E00C7FB80 /* Build configuration list for PBXNativeTarget "Landmarks" */;
			buildPhases = (
				22186F1B2C5B632D00C7FB80 /* Sources */,
				22186F1C2C5B632D00C7FB80 /* Frameworks */,
				22186F1D2C5B632D00C7FB80 /* Resources */,
			);
			buildRules = (
			);
			dependencies = (
			);
			name = Landmarks;
			productName = Landmarks;
			productReference = 22186F1F2C5B632D00C7FB80 /* Landmarks.app */;
			productType = "com.apple.product-type.application";
		};
/* End PBXNativeTarget section */

/* Begin PBXProject section */
		22186F172C5B632D00C7FB80 /* Project object */ = {
			isa = PBXProject;
			attributes = {
				BuildIndependentTargetsInParallel = 1;
				LastSwiftUpdateCheck = 1540;
				LastUpgradeCheck = 1540;
				TargetAttributes = {
					22186F1E2C5B632D00C7FB80 = {
						CreatedOnToolsVersion = 15.4;
					};
				};
			};
			buildConfigurationList = 22186F1A2C5B632D00C7FB80 /* Build configuration list for PBXProject "Landmarks" */;
			compatibilityVersion = "Xcode 14.0";
			developmentRegion = en;
			hasScannedForEncodings = 0;
			knownRegions = (
				en,
				Base,
			);
			mainGroup = 22186F162C5B632D00C7FB80;
			productRefGroup = 22186F202C5B632D00C7FB80 /* Products */;
			projectDirPath = "";
			projectRoot = "";
			targets = (
				22186F1E2C5B632D00C7FB80 /* Landmarks */,
			);
		};
/* End PBXProject section */

/* Begin PBXResourcesBuildPhase section */
		22186F1D2C5B632D00C7FB80 /* Resources */ = {
			isa = PBXResourcesBuildPhase;
			buildActionMask = 2147483647;
			files = (
				22186F2A2C5B632E00C7FB80 /* Preview Assets.xcassets in Resources */,
				22186F272C5B632E00C7FB80 /* Assets.xcassets in Resources */,
				22186F352C5C5FB500C7FB80 /* landmarkData.json in Resources */,
			);
			runOnlyForDeploymentPostprocessing = 0;
		};
/* End PBXResourcesBuildPhase section */

/* Begin PBXSourcesBuildPhase section */
		22186F1B2C5B632D00C7FB80 /* Sources */ = {
			isa = PBXSourcesBuildPhase;
			buildActionMask = 2147483647;
			files = (
				22186F252C5B632D00C7FB80 /* ContentView.swift in Sources */,
				22186F332C5B653600C7FB80 /* MapView.swift in Sources */,
				22186F232C5B632D00C7FB80 /* LandmarksApp.swift in Sources */,
				22186F462C5C6D8100C7FB80 /* FavoriteButton.swift in Sources */,
				22722C162C5C81AC006975E6 /* HexagonParameters.swift in Sources */,
				22186F402C5C621300C7FB80 /* LandmarkList.swift in Sources */,
				22186F422C5C625600C7FB80 /* LandmarkDetail.swift in Sources */,
				22186F312C5B64EF00C7FB80 /* CircleImage.swift in Sources */,
				22186F372C5C5FC200C7FB80 /* Landmark.swift in Sources */,
				22186F3E2C5C609600C7FB80 /* LandmarkRow.swift in Sources */,
				22186F392C5C600900C7FB80 /* ModelData.swift in Sources */,
			);
			runOnlyForDeploymentPostprocessing = 0;
		};
/* End PBXSourcesBuildPhase section */

/* Begin XCBuildConfiguration section */
		22186F2B2C5B632E00C7FB80 /* Debug */ = {
			isa = XCBuildConfiguration;
			buildSettings = {
				ALWAYS_SEARCH_USER_PATHS = NO;
				ASSETCATALOG_COMPILER_GENERATE_SWIFT_ASSET_SYMBOL_EXTENSIONS = YES;
				CLANG_ANALYZER_NONNULL = YES;
				CLANG_ANALYZER_NUMBER_OBJECT_CONVERSION = YES_AGGRESSIVE;
				CLANG_CXX_LANGUAGE_STANDARD = "gnu++20";
				CLANG_ENABLE_MODULES = YES;
				CLANG_ENABLE_OBJC_ARC = YES;
				CLANG_ENABLE_OBJC_WEAK = YES;
				CLANG_WARN_BLOCK_CAPTURE_AUTORELEASING = YES;
				CLANG_WARN_BOOL_CONVERSION = YES;
				CLANG_WARN_COMMA = YES;
				CLANG_WARN_CONSTANT_CONVERSION = YES;
				CLANG_WARN_DEPRECATED_OBJC_IMPLEMENTATIONS = YES;
				CLANG_WARN_DIRECT_OBJC_ISA_USAGE = YES_ERROR;
				CLANG_WARN_DOCUMENTATION_COMMENTS = YES;
				CLANG_WARN_EMPTY_BODY = YES;
				CLANG_WARN_ENUM_CONVERSION = YES;
				CLANG_WARN_INFINITE_RECURSION = YES;
				CLANG_WARN_INT_CONVERSION = YES;
				CLANG_WARN_NON_LITERAL_NULL_CONVERSION = YES;
				CLANG_WARN_OBJC_IMPLICIT_RETAIN_SELF = YES;
				CLANG_WARN_OBJC_LITERAL_CONVERSION = YES;
				CLANG_WARN_OBJC_ROOT_CLASS = YES_ERROR;
				CLANG_WARN_QUOTED_INCLUDE_IN_FRAMEWORK_HEADER = YES;
				CLANG_WARN_RANGE_LOOP_ANALYSIS = YES;
				CLANG_WARN_STRICT_PROTOTYPES = YES;
				CLANG_WARN_SUSPICIOUS_MOVE = YES;
				CLANG_WARN_UNGUARDED_AVAILABILITY = YES_AGGRESSIVE;
				CLANG_WARN_UNREACHABLE_CODE = YES;
				CLANG_WARN__DUPLICATE_METHOD_MATCH = YES;
				COPY_PHASE_STRIP = NO;
				DEBUG_INFORMATION_FORMAT = dwarf;
				ENABLE_STRICT_OBJC_MSGSEND = YES;
				ENABLE_TESTABILITY = YES;
				ENABLE_USER_SCRIPT_SANDBOXING = YES;
				GCC_C_LANGUAGE_STANDARD = gnu17;
				GCC_DYNAMIC_NO_PIC = NO;
				GCC_NO_COMMON_BLOCKS = YES;
				GCC_OPTIMIZATION_LEVEL = 0;
				GCC_PREPROCESSOR_DEFINITIONS = (
					"DEBUG=1",
					"$(inherited)",
				);
				GCC_WARN_64_TO_32_BIT_CONVERSION = YES;
				GCC_WARN_ABOUT_RETURN_TYPE = YES_ERROR;
				GCC_WARN_UNDECLARED_SELECTOR = YES;
				GCC_WARN_UNINITIALIZED_AUTOS = YES_AGGRESSIVE;
				GCC_WARN_UNUSED_FUNCTION = YES;
				GCC_WARN_UNUSED_VARIABLE = YES;
				IPHONEOS_DEPLOYMENT_TARGET = 17.5;
				LOCALIZATION_PREFERS_STRING_CATALOGS = YES;
				MTL_ENABLE_DEBUG_INFO = INCLUDE_SOURCE;
				MTL_FAST_MATH = YES;
				ONLY_ACTIVE_ARCH = YES;
				SDKROOT = iphoneos;
				SWIFT_ACTIVE_COMPILATION_CONDITIONS = "DEBUG $(inherited)";
				SWIFT_OPTIMIZATION_LEVEL = "-Onone";
			};
			name = Debug;
		};
		22186F2C2C5B632E00C7FB80 /* Release */ = {
			isa = XCBuildConfiguration;
			buildSettings = {
				ALWAYS_SEARCH_USER_PATHS = NO;
				ASSETCATALOG_COMPILER_GENERATE_SWIFT_ASSET_SYMBOL_EXTENSIONS = YES;
				CLANG_ANALYZER_NONNULL = YES;
				CLANG_ANALYZER_NUMBER_OBJECT_CONVERSION = YES_AGGRESSIVE;
				CLANG_CXX_LANGUAGE_STANDARD = "gnu++20";
				CLANG_ENABLE_MODULES = YES;
				CLANG_ENABLE_OBJC_ARC = YES;
				CLANG_ENABLE_OBJC_WEAK = YES;
				CLANG_WARN_BLOCK_CAPTURE_AUTORELEASING = YES;
				CLANG_WARN_BOOL_CONVERSION = YES;
				CLANG_WARN_COMMA = YES;
				CLANG_WARN_CONSTANT_CONVERSION = YES;
				CLANG_WARN_DEPRECATED_OBJC_IMPLEMENTATIONS = YES;
				CLANG_WARN_DIRECT_OBJC_ISA_USAGE = YES_ERROR;
				CLANG_WARN_DOCUMENTATION_COMMENTS = YES;
				CLANG_WARN_EMPTY_BODY = YES;
				CLANG_WARN_ENUM_CONVERSION = YES;
				CLANG_WARN_INFINITE_RECURSION = YES;
				CLANG_WARN_INT_CONVERSION = YES;
				CLANG_WARN_NON_LITERAL_NULL_CONVERSION = YES;
				CLANG_WARN_OBJC_IMPLICIT_RETAIN_SELF = YES;
				CLANG_WARN_OBJC_LITERAL_CONVERSION = YES;
				CLANG_WARN_OBJC_ROOT_CLASS = YES_ERROR;
				CLANG_WARN_QUOTED_INCLUDE_IN_FRAMEWORK_HEADER = YES;
				CLANG_WARN_RANGE_LOOP_ANALYSIS = YES;
				CLANG_WARN_STRICT_PROTOTYPES = YES;
				CLANG_WARN_SUSPICIOUS_MOVE = YES;
				CLANG_WARN_UNGUARDED_AVAILABILITY = YES_AGGRESSIVE;
				CLANG_WARN_UNREACHABLE_CODE = YES;
				CLANG_WARN__DUPLICATE_METHOD_MATCH = YES;
				COPY_PHASE_STRIP = NO;
				DEBUG_INFORMATION_FORMAT = "dwarf-with-dsym";
				ENABLE_NS_ASSERTIONS = NO;
				ENABLE_STRICT_OBJC_MSGSEND = YES;
				ENABLE_USER_SCRIPT_SANDBOXING = YES;
				GCC_C_LANGUAGE_STANDARD = gnu17;
				GCC_NO_COMMON_BLOCKS = YES;
				GCC_WARN_64_TO_32_BIT_CONVERSION = YES;
				GCC_WARN_ABOUT_RETURN_TYPE = YES_ERROR;
				GCC_WARN_UNDECLARED_SELECTOR = YES;
				GCC_WARN_UNINITIALIZED_AUTOS = YES_AGGRESSIVE;
				GCC_WARN_UNUSED_FUNCTION = YES;
				GCC_WARN_UNUSED_VARIABLE = YES;
				IPHONEOS_DEPLOYMENT_TARGET = 17.5;
				LOCALIZATION_PREFERS_STRING_CATALOGS = YES;
				MTL_ENABLE_DEBUG_INFO = NO;
				MTL_FAST_MATH = YES;
				SDKROOT = iphoneos;
				SWIFT_COMPILATION_MODE = wholemodule;
				VALIDATE_PRODUCT = YES;
			};
			name = Release;
		};
		22186F2E2C5B632E00C7FB80 /* Debug */ = {
			isa = XCBuildConfiguration;
			buildSettings = {
				ASSETCATALOG_COMPILER_APPICON_NAME = AppIcon;
				ASSETCATALOG_COMPILER_GLOBAL_ACCENT_COLOR_NAME = AccentColor;
				CODE_SIGN_STYLE = Automatic;
				CURRENT_PROJECT_VERSION = 1;
				DEVELOPMENT_ASSET_PATHS = "\"Landmarks/Preview Content\"";
				DEVELOPMENT_TEAM = 3P9688C6H8;
				ENABLE_PREVIEWS = YES;
				GENERATE_INFOPLIST_FILE = YES;
				INFOPLIST_KEY_UIApplicationSceneManifest_Generation = YES;
				INFOPLIST_KEY_UIApplicationSupportsIndirectInputEvents = YES;
				INFOPLIST_KEY_UILaunchScreen_Generation = YES;
				INFOPLIST_KEY_UISupportedInterfaceOrientations_iPad = "UIInterfaceOrientationPortrait UIInterfaceOrientationPortraitUpsideDown UIInterfaceOrientationLandscapeLeft UIInterfaceOrientationLandscapeRight";
				INFOPLIST_KEY_UISupportedInterfaceOrientations_iPhone = "UIInterfaceOrientationPortrait UIInterfaceOrientationLandscapeLeft UIInterfaceOrientationLandscapeRight";
				LD_RUNPATH_SEARCH_PATHS = (
					"$(inherited)",
					"@executable_path/Frameworks",
				);
				MARKETING_VERSION = 1.0;
				PRODUCT_BUNDLE_IDENTIFIER = com.usomenac.Landmarks;
				PRODUCT_NAME = "$(TARGET_NAME)";
				SWIFT_EMIT_LOC_STRINGS = YES;
				SWIFT_VERSION = 5.0;
				TARGETED_DEVICE_FAMILY = "1,2";
			};
			name = Debug;
		};
		22186F2F2C5B632E00C7FB80 /* Release */ = {
			isa = XCBuildConfiguration;
			buildSettings = {
				ASSETCATALOG_COMPILER_APPICON_NAME = AppIcon;
				ASSETCATALOG_COMPILER_GLOBAL_ACCENT_COLOR_NAME = AccentColor;
				CODE_SIGN_STYLE = Automatic;
				CURRENT_PROJECT_VERSION = 1;
				DEVELOPMENT_ASSET_PATHS = "\"Landmarks/Preview Content\"";
				DEVELOPMENT_TEAM = 3P9688C6H8;
				ENABLE_PREVIEWS = YES;
				GENERATE_INFOPLIST_FILE = YES;
				INFOPLIST_KEY_UIApplicationSceneManifest_Generation = YES;
				INFOPLIST_KEY_UIApplicationSupportsIndirectInputEvents = YES;
				INFOPLIST_KEY_UILaunchScreen_Generation = YES;
				INFOPLIST_KEY_UISupportedInterfaceOrientations_iPad = "UIInterfaceOrientationPortrait UIInterfaceOrientationPortraitUpsideDown UIInterfaceOrientationLandscapeLeft UIInterfaceOrientationLandscapeRight";
				INFOPLIST_KEY_UISupportedInterfaceOrientations_iPhone = "UIInterfaceOrientationPortrait UIInterfaceOrientationLandscapeLeft UIInterfaceOrientationLandscapeRight";
				LD_RUNPATH_SEARCH_PATHS = (
					"$(inherited)",
					"@executable_path/Frameworks",
				);
				MARKETING_VERSION = 1.0;
				PRODUCT_BUNDLE_IDENTIFIER = com.usomenac.Landmarks;
				PRODUCT_NAME = "$(TARGET_NAME)";
				SWIFT_EMIT_LOC_STRINGS = YES;
				SWIFT_VERSION = 5.0;
				TARGETED_DEVICE_FAMILY = "1,2";
			};
			name = Release;
		};
/* End XCBuildConfiguration section */

/* Begin XCConfigurationList section */
		22186F1A2C5B632D00C7FB80 /* Build configuration list for PBXProject "Landmarks" */ = {
			isa = XCConfigurationList;
			buildConfigurations = (
				22186F2B2C5B632E00C7FB80 /* Debug */,
				22186F2C2C5B632E00C7FB80 /* Release */,
			);
			defaultConfigurationIsVisible = 0;
			defaultConfigurationName = Release;
		};
		22186F2D2C5B632E00C7FB80 /* Build configuration list for PBXNativeTarget "Landmarks" */ = {
			isa = XCConfigurationList;
			buildConfigurations = (
				22186F2E2C5B632E00C7FB80 /* Debug */,
				22186F2F2C5B632E00C7FB80 /* Release */,
			);
			defaultConfigurationIsVisible = 0;
			defaultConfigurationName = Release;
		};
/* End XCConfigurationList section */
	};
	rootObject = 22186F172C5B632D00C7FB80 /* Project object */;
}
